
Microsoft Visual Studio Solution File, Format Version 12.00
# Visual Studio Version 16
VisualStudioVersion = 16.0.28729.10
MinimumVisualStudioVersion = 10.0.40219.1
Project("{2150E333-8FDC-42A3-9474-1A3956D46DE8}") = "src", "src", "{2947A69F-1788-4262-9056-DAA917479403}"
EndProject
Project("{2150E333-8FDC-42A3-9474-1A3956D46DE8}") = "test", "test", "{8F4A9774-BDFD-4039-960D-D750115E290C}"
	ProjectSection(SolutionItems) = preProject
		test\.editorconfig = test\.editorconfig
	EndProjectSection
EndProject
Project("{9A19103F-16F7-4668-BE54-9A1E7A4F7556}") = "ItspServices.pServer", "src\ItspServices.pServer\ItspServices.pServer.csproj", "{FF712B27-B695-4A9C-BCE6-6677D6391C6C}"
EndProject
Project("{9A19103F-16F7-4668-BE54-9A1E7A4F7556}") = "ItspServices.pServer.Abstraction", "src\ItspServices.pServer.Abstraction\ItspServices.pServer.Abstraction.csproj", "{DC421953-B5A8-4754-85CD-687796DE435B}"
EndProject
Project("{9A19103F-16F7-4668-BE54-9A1E7A4F7556}") = "ItspServices.pServer.Persistence", "src\ItspServices.pServer.Persistence\ItspServices.pServer.Persistence.csproj", "{2BF99DA8-8E26-4F98-98C8-CCD9C3EAD872}"
EndProject
Project("{2150E333-8FDC-42A3-9474-1A3956D46DE8}") = "Solution Items", "Solution Items", "{CC87A1B0-6C2E-4D0C-B505-925070151853}"
	ProjectSection(SolutionItems) = preProject
		.editorconfig = .editorconfig
	EndProjectSection
EndProject
Project("{FAE04EC0-301F-11D3-BF4B-00C04F79EFBC}") = "ItspServices.pServer.ServerTest", "test\ItspServices.pServer.ServerTest\ItspServices.pServer.ServerTest.csproj", "{1F29A51A-8B74-4522-9352-9E4A65F2BE39}"
EndProject
Global
	GlobalSection(SolutionConfigurationPlatforms) = preSolution
		Debug|Any CPU = Debug|Any CPU
		Release|Any CPU = Release|Any CPU
	EndGlobalSection
	GlobalSection(ProjectConfigurationPlatforms) = postSolution
		{FF712B27-B695-4A9C-BCE6-6677D6391C6C}.Debug|Any CPU.ActiveCfg = Debug|Any CPU
		{FF712B27-B695-4A9C-BCE6-6677D6391C6C}.Debug|Any CPU.Build.0 = Debug|Any CPU
		{FF712B27-B695-4A9C-BCE6-6677D6391C6C}.Release|Any CPU.ActiveCfg = Release|Any CPU
		{FF712B27-B695-4A9C-BCE6-6677D6391C6C}.Release|Any CPU.Build.0 = Release|Any CPU
		{DC421953-B5A8-4754-85CD-687796DE435B}.Debug|Any CPU.ActiveCfg = Debug|Any CPU
		{DC421953-B5A8-4754-85CD-687796DE435B}.Debug|Any CPU.Build.0 = Debug|Any CPU
		{DC421953-B5A8-4754-85CD-687796DE435B}.Release|Any CPU.ActiveCfg = Release|Any CPU
		{DC421953-B5A8-4754-85CD-687796DE435B}.Release|Any CPU.Build.0 = Release|Any CPU
		{2BF99DA8-8E26-4F98-98C8-CCD9C3EAD872}.Debug|Any CPU.ActiveCfg = Debug|Any CPU
		{2BF99DA8-8E26-4F98-98C8-CCD9C3EAD872}.Debug|Any CPU.Build.0 = Debug|Any CPU
		{2BF99DA8-8E26-4F98-98C8-CCD9C3EAD872}.Release|Any CPU.ActiveCfg = Release|Any CPU
		{2BF99DA8-8E26-4F98-98C8-CCD9C3EAD872}.Release|Any CPU.Build.0 = Release|Any CPU
		{1F29A51A-8B74-4522-9352-9E4A65F2BE39}.Debug|Any CPU.ActiveCfg = Debug|Any CPU
		{1F29A51A-8B74-4522-9352-9E4A65F2BE39}.Debug|Any CPU.Build.0 = Debug|Any CPU
		{1F29A51A-8B74-4522-9352-9E4A65F2BE39}.Release|Any CPU.ActiveCfg = Release|Any CPU
		{1F29A51A-8B74-4522-9352-9E4A65F2BE39}.Release|Any CPU.Build.0 = Release|Any CPU
	EndGlobalSection
	GlobalSection(SolutionProperties) = preSolution
		HideSolutionNode = FALSE
	EndGlobalSection
	GlobalSection(NestedProjects) = preSolution
		{FF712B27-B695-4A9C-BCE6-6677D6391C6C} = {2947A69F-1788-4262-9056-DAA917479403}
		{DC421953-B5A8-4754-85CD-687796DE435B} = {2947A69F-1788-4262-9056-DAA917479403}
		{2BF99DA8-8E26-4F98-98C8-CCD9C3EAD872} = {2947A69F-1788-4262-9056-DAA917479403}
		{1F29A51A-8B74-4522-9352-9E4A65F2BE39} = {8F4A9774-BDFD-4039-960D-D750115E290C}
	EndGlobalSection
	GlobalSection(ExtensibilityGlobals) = postSolution
		SolutionGuid = {2B6BB9AC-5759-42D9-90F7-D507EE0F516A}
	EndGlobalSection
EndGlobal
